
Microsoft Visual Studio Solution File, Format Version 12.00
# Visual Studio Version 17
VisualStudioVersion = 17.12.35527.113 d17.12
MinimumVisualStudioVersion = 10.0.40219.1
Project("{FAE04EC0-301F-11D3-BF4B-00C04F79EFBC}") = "FragrantWorldApp", "FragrantWorldApp\FragrantWorldApp.csproj", "{F4FAEE09-2B0C-4D37-A1C0-701CD6A2BEFA}"
EndProject
Project("{FAE04EC0-301F-11D3-BF4B-00C04F79EFBC}") = "FragrantWorldWebApi", "FragrantWorldWebApi\FragrantWorldWebApi.csproj", "{CBA4FA27-5A73-42B5-BA35-DFADD7FAFAEA}"
EndProject
Global
	GlobalSection(SolutionConfigurationPlatforms) = preSolution
		Debug|Any CPU = Debug|Any CPU
		Release|Any CPU = Release|Any CPU
	EndGlobalSection
	GlobalSection(ProjectConfigurationPlatforms) = postSolution
		{F4FAEE09-2B0C-4D37-A1C0-701CD6A2BEFA}.Debug|Any CPU.ActiveCfg = Debug|Any CPU
		{F4FAEE09-2B0C-4D37-A1C0-701CD6A2BEFA}.Debug|Any CPU.Build.0 = Debug|Any CPU
		{F4FAEE09-2B0C-4D37-A1C0-701CD6A2BEFA}.Release|Any CPU.ActiveCfg = Release|Any CPU
		{F4FAEE09-2B0C-4D37-A1C0-701CD6A2BEFA}.Release|Any CPU.Build.0 = Release|Any CPU
		{CBA4FA27-5A73-42B5-BA35-DFADD7FAFAEA}.Debug|Any CPU.ActiveCfg = Debug|Any CPU
		{CBA4FA27-5A73-42B5-BA35-DFADD7FAFAEA}.Debug|Any CPU.Build.0 = Debug|Any CPU
		{CBA4FA27-5A73-42B5-BA35-DFADD7FAFAEA}.Release|Any CPU.ActiveCfg = Release|Any CPU
		{CBA4FA27-5A73-42B5-BA35-DFADD7FAFAEA}.Release|Any CPU.Build.0 = Release|Any CPU
	EndGlobalSection
	GlobalSection(SolutionProperties) = preSolution
		HideSolutionNode = FALSE
	EndGlobalSection
EndGlobal
